
Microsoft Visual Studio Solution File, Format Version 12.00
# Visual Studio Version 16
VisualStudioVersion = 16.0.31205.134
MinimumVisualStudioVersion = 10.0.40219.1
Project("{FAE04EC0-301F-11D3-BF4B-00C04F79EFBC}") = "AppServiceReleaseStrategy", "AppServiceReleaseStrategy\AppServiceReleaseStrategy.csproj", "{F4B95623-8146-4827-A7B5-E52FA7C926DA}"
EndProject
Global
	GlobalSection(SolutionConfigurationPlatforms) = preSolution
		Debug|Any CPU = Debug|Any CPU
		Release|Any CPU = Release|Any CPU
	EndGlobalSection
	GlobalSection(ProjectConfigurationPlatforms) = postSolution
		{F4B95623-8146-4827-A7B5-E52FA7C926DA}.Debug|Any CPU.ActiveCfg = Debug|Any CPU
		{F4B95623-8146-4827-A7B5-E52FA7C926DA}.Debug|Any CPU.Build.0 = Debug|Any CPU
		{F4B95623-8146-4827-A7B5-E52FA7C926DA}.Release|Any CPU.ActiveCfg = Release|Any CPU
		{F4B95623-8146-4827-A7B5-E52FA7C926DA}.Release|Any CPU.Build.0 = Release|Any CPU
	EndGlobalSection
	GlobalSection(SolutionProperties) = preSolution
		HideSolutionNode = FALSE
	EndGlobalSection
	GlobalSection(ExtensibilityGlobals) = postSolution
		SolutionGuid = {524B5B6D-90B6-4698-BA5E-DB6306940C7D}
	EndGlobalSection
EndGlobal
