
Microsoft Visual Studio Solution File, Format Version 12.00
# Visual Studio Version 16
VisualStudioVersion = 16.0.31410.357
MinimumVisualStudioVersion = 10.0.40219.1
Project("{FAE04EC0-301F-11D3-BF4B-00C04F79EFBC}") = "FunctionAppClassicReleaseStrategy", "FunctionAppClassicReleaseStrategy\FunctionAppClassicReleaseStrategy.csproj", "{295714F4-1997-4457-B101-47FA24CBBA94}"
EndProject
Global
	GlobalSection(SolutionConfigurationPlatforms) = preSolution
		Debug|Any CPU = Debug|Any CPU
		Release|Any CPU = Release|Any CPU
	EndGlobalSection
	GlobalSection(ProjectConfigurationPlatforms) = postSolution
		{295714F4-1997-4457-B101-47FA24CBBA94}.Debug|Any CPU.ActiveCfg = Debug|Any CPU
		{295714F4-1997-4457-B101-47FA24CBBA94}.Debug|Any CPU.Build.0 = Debug|Any CPU
		{295714F4-1997-4457-B101-47FA24CBBA94}.Release|Any CPU.ActiveCfg = Release|Any CPU
		{295714F4-1997-4457-B101-47FA24CBBA94}.Release|Any CPU.Build.0 = Release|Any CPU
	EndGlobalSection
	GlobalSection(SolutionProperties) = preSolution
		HideSolutionNode = FALSE
	EndGlobalSection
	GlobalSection(ExtensibilityGlobals) = postSolution
		SolutionGuid = {CB38CFEB-86CD-47AE-8CBA-900F90F955E8}
	EndGlobalSection
EndGlobal
